
Microsoft Visual Studio Solution File, Format Version 12.00
# Visual Studio Version 17
VisualStudioVersion = 17.7.34031.279
MinimumVisualStudioVersion = 10.0.40219.1
Project("{FAE04EC0-301F-11D3-BF4B-00C04F79EFBC}") = "Papeleria", "Papeleria.csproj", "{7C1CAECE-DADA-4524-80C1-6E47F42B8AFB}"
EndProject
Project("{FAE04EC0-301F-11D3-BF4B-00C04F79EFBC}") = "Papeleria.LogicaNegocio", "..\Papeleria.LogicaNegocio\Papeleria.LogicaNegocio.csproj", "{4FFF6493-B334-4BC7-90B5-9B605835664B}"
EndProject
Project("{FAE04EC0-301F-11D3-BF4B-00C04F79EFBC}") = "Papeleria.AccesoDatos", "..\Papeleria.AccesoDatos\Papeleria.AccesoDatos.csproj", "{EFEBD844-959B-41FF-81D0-8763D38FE07F}"
EndProject
Global
	GlobalSection(SolutionConfigurationPlatforms) = preSolution
		Debug|Any CPU = Debug|Any CPU
		Release|Any CPU = Release|Any CPU
	EndGlobalSection
	GlobalSection(ProjectConfigurationPlatforms) = postSolution
		{7C1CAECE-DADA-4524-80C1-6E47F42B8AFB}.Debug|Any CPU.ActiveCfg = Debug|Any CPU
		{7C1CAECE-DADA-4524-80C1-6E47F42B8AFB}.Debug|Any CPU.Build.0 = Debug|Any CPU
		{7C1CAECE-DADA-4524-80C1-6E47F42B8AFB}.Release|Any CPU.ActiveCfg = Release|Any CPU
		{7C1CAECE-DADA-4524-80C1-6E47F42B8AFB}.Release|Any CPU.Build.0 = Release|Any CPU
		{4FFF6493-B334-4BC7-90B5-9B605835664B}.Debug|Any CPU.ActiveCfg = Debug|Any CPU
		{4FFF6493-B334-4BC7-90B5-9B605835664B}.Debug|Any CPU.Build.0 = Debug|Any CPU
		{4FFF6493-B334-4BC7-90B5-9B605835664B}.Release|Any CPU.ActiveCfg = Release|Any CPU
		{4FFF6493-B334-4BC7-90B5-9B605835664B}.Release|Any CPU.Build.0 = Release|Any CPU
		{EFEBD844-959B-41FF-81D0-8763D38FE07F}.Debug|Any CPU.ActiveCfg = Debug|Any CPU
		{EFEBD844-959B-41FF-81D0-8763D38FE07F}.Debug|Any CPU.Build.0 = Debug|Any CPU
		{EFEBD844-959B-41FF-81D0-8763D38FE07F}.Release|Any CPU.ActiveCfg = Release|Any CPU
		{EFEBD844-959B-41FF-81D0-8763D38FE07F}.Release|Any CPU.Build.0 = Release|Any CPU
	EndGlobalSection
	GlobalSection(SolutionProperties) = preSolution
		HideSolutionNode = FALSE
	EndGlobalSection
	GlobalSection(ExtensibilityGlobals) = postSolution
		SolutionGuid = {6696BC7E-CE37-4EA2-BE7B-B9EFE777D926}
	EndGlobalSection
EndGlobal
